
Microsoft Visual Studio Solution File, Format Version 12.00
# Visual Studio Version 17
VisualStudioVersion = 17.13.35828.75 d17.13
MinimumVisualStudioVersion = 10.0.40219.1
Project("{FAE04EC0-301F-11D3-BF4B-00C04F79EFBC}") = "AjaxCustomerCRUD", "AjaxCustomerCRUD.csproj", "{D9A56DC3-1255-4F14-84F6-0F5F5A95C9DA}"
EndProject
Global
	GlobalSection(SolutionConfigurationPlatforms) = preSolution
		Debug|Any CPU = Debug|Any CPU
		Release|Any CPU = Release|Any CPU
	EndGlobalSection
	GlobalSection(ProjectConfigurationPlatforms) = postSolution
		{D9A56DC3-1255-4F14-84F6-0F5F5A95C9DA}.Debug|Any CPU.ActiveCfg = Debug|Any CPU
		{D9A56DC3-1255-4F14-84F6-0F5F5A95C9DA}.Debug|Any CPU.Build.0 = Debug|Any CPU
		{D9A56DC3-1255-4F14-84F6-0F5F5A95C9DA}.Release|Any CPU.ActiveCfg = Release|Any CPU
		{D9A56DC3-1255-4F14-84F6-0F5F5A95C9DA}.Release|Any CPU.Build.0 = Release|Any CPU
	EndGlobalSection
	GlobalSection(SolutionProperties) = preSolution
		HideSolutionNode = FALSE
	EndGlobalSection
	GlobalSection(ExtensibilityGlobals) = postSolution
		SolutionGuid = {C1D1CE82-1B33-4E9A-A476-DD128A25079F}
	EndGlobalSection
EndGlobal
